// !$*UTF8*$!
{
	archiveVersion = 1;
	classes = {
	};
	objectVersion = 56;
	objects = {

/* Begin PBXBuildFile section */
		1A535FB52CE29B5500F0C8A0 /* PauseView.swift in Sources */ = {isa = PBXBuildFile; fileRef = 1A535FB42CE29B5500F0C8A0 /* PauseView.swift */; };
		1A535FB82CE2A5B800F0C8A0 /* AchievementsViewController.swift in Sources */ = {isa = PBXBuildFile; fileRef = 1A535FB72CE2A5B800F0C8A0 /* AchievementsViewController.swift */; };
		1A535FBA2CE2A6E800F0C8A0 /* AchievementsView.swift in Sources */ = {isa = PBXBuildFile; fileRef = 1A535FB92CE2A6E800F0C8A0 /* AchievementsView.swift */; };
		1A535FBC2CE2A7DC00F0C8A0 /* AchievementsVC + Action.swift in Sources */ = {isa = PBXBuildFile; fileRef = 1A535FBB2CE2A7DC00F0C8A0 /* AchievementsVC + Action.swift */; };
		1A535FBE2CE2AA9D00F0C8A0 /* AchieveView.swift in Sources */ = {isa = PBXBuildFile; fileRef = 1A535FBD2CE2AA9D00F0C8A0 /* AchieveView.swift */; };
		1A535FC02CE2B23C00F0C8A0 /* AchievementsManager.swift in Sources */ = {isa = PBXBuildFile; fileRef = 1A535FBF2CE2B23C00F0C8A0 /* AchievementsManager.swift */; };
		1A9F64E82CDED8FD00D4CD0F /* AppDelegate.swift in Sources */ = {isa = PBXBuildFile; fileRef = 1A9F64E72CDED8FD00D4CD0F /* AppDelegate.swift */; };
		1A9F64EA2CDED8FD00D4CD0F /* SceneDelegate.swift in Sources */ = {isa = PBXBuildFile; fileRef = 1A9F64E92CDED8FD00D4CD0F /* SceneDelegate.swift */; };
		1A9F64F12CDED90000D4CD0F /* Assets.xcassets in Resources */ = {isa = PBXBuildFile; fileRef = 1A9F64F02CDED90000D4CD0F /* Assets.xcassets */; };
		1A9F64F42CDED90000D4CD0F /* Base in Resources */ = {isa = PBXBuildFile; fileRef = 1A9F64F32CDED90000D4CD0F /* Base */; };
		1A9F65022CDED97D00D4CD0F /* Coordinator.swift in Sources */ = {isa = PBXBuildFile; fileRef = 1A9F65012CDED97D00D4CD0F /* Coordinator.swift */; };
		1A9F65042CDED9B900D4CD0F /* MainCoordinator.swift in Sources */ = {isa = PBXBuildFile; fileRef = 1A9F65032CDED9B900D4CD0F /* MainCoordinator.swift */; };
		1A9F65062CDED9E800D4CD0F /* MainViewController.swift in Sources */ = {isa = PBXBuildFile; fileRef = 1A9F65052CDED9E800D4CD0F /* MainViewController.swift */; };
		1A9F65092CDEDBBC00D4CD0F /* MainView.swift in Sources */ = {isa = PBXBuildFile; fileRef = 1A9F65082CDEDBBC00D4CD0F /* MainView.swift */; };
		1A9F650B2CDEDBF200D4CD0F /* LoadingView.swift in Sources */ = {isa = PBXBuildFile; fileRef = 1A9F650A2CDEDBF200D4CD0F /* LoadingView.swift */; };
		1A9F650E2CDEDC0100D4CD0F /* SnapKit in Frameworks */ = {isa = PBXBuildFile; productRef = 1A9F650D2CDEDC0100D4CD0F /* SnapKit */; };
		1A9F65102CDEDC1700D4CD0F /* Resources.swift in Sources */ = {isa = PBXBuildFile; fileRef = 1A9F650F2CDEDC1700D4CD0F /* Resources.swift */; };
		1A9F65132CDEDE6F00D4CD0F /* CherryBombOne-Regular.ttf in Resources */ = {isa = PBXBuildFile; fileRef = 1A9F65122CDEDE6F00D4CD0F /* CherryBombOne-Regular.ttf */; };
		1A9F65162CDEE66D00D4CD0F /* CoinsView.swift in Sources */ = {isa = PBXBuildFile; fileRef = 1A9F65152CDEE66D00D4CD0F /* CoinsView.swift */; };
		1A9F65182CDEE97C00D4CD0F /* DailyChallengeView.swift in Sources */ = {isa = PBXBuildFile; fileRef = 1A9F65172CDEE97C00D4CD0F /* DailyChallengeView.swift */; };
		1A9F651A2CDEEDDF00D4CD0F /* MainVC + Action.swift in Sources */ = {isa = PBXBuildFile; fileRef = 1A9F65192CDEEDDF00D4CD0F /* MainVC + Action.swift */; };
		1A9F651D2CDEEEC400D4CD0F /* AlbumViewController.swift in Sources */ = {isa = PBXBuildFile; fileRef = 1A9F651C2CDEEEC400D4CD0F /* AlbumViewController.swift */; };
		1A9F651F2CDEEF4100D4CD0F /* AlbumView.swift in Sources */ = {isa = PBXBuildFile; fileRef = 1A9F651E2CDEEF4100D4CD0F /* AlbumView.swift */; };
		1A9F65212CDEF13600D4CD0F /* AlbumVC + Action.swift in Sources */ = {isa = PBXBuildFile; fileRef = 1A9F65202CDEF13600D4CD0F /* AlbumVC + Action.swift */; };
		1A9F65232CDEF2DC00D4CD0F /* FishData.swift in Sources */ = {isa = PBXBuildFile; fileRef = 1A9F65222CDEF2DC00D4CD0F /* FishData.swift */; };
		1A9F65252CDEF2E500D4CD0F /* FishManager.swift in Sources */ = {isa = PBXBuildFile; fileRef = 1A9F65242CDEF2E500D4CD0F /* FishManager.swift */; };
		1A9F65272CDEFB5100D4CD0F /* AlbumVC + CollectionView.swift in Sources */ = {isa = PBXBuildFile; fileRef = 1A9F65262CDEFB5100D4CD0F /* AlbumVC + CollectionView.swift */; };
		1A9F65292CDEFB6D00D4CD0F /* AlbumCell.swift in Sources */ = {isa = PBXBuildFile; fileRef = 1A9F65282CDEFB6D00D4CD0F /* AlbumCell.swift */; };
		1A9F652B2CDEFC5700D4CD0F /* AlbumViewModel.swift in Sources */ = {isa = PBXBuildFile; fileRef = 1A9F652A2CDEFC5700D4CD0F /* AlbumViewModel.swift */; };
		1A9F652E2CDEFF6100D4CD0F /* ShopViewController.swift in Sources */ = {isa = PBXBuildFile; fileRef = 1A9F652D2CDEFF6100D4CD0F /* ShopViewController.swift */; };
		1A9F65302CDEFFAD00D4CD0F /* ShopView.swift in Sources */ = {isa = PBXBuildFile; fileRef = 1A9F652F2CDEFFAD00D4CD0F /* ShopView.swift */; };
		1A9F65322CDF011B00D4CD0F /* ShopVC + Action.swift in Sources */ = {isa = PBXBuildFile; fileRef = 1A9F65312CDF011B00D4CD0F /* ShopVC + Action.swift */; };
		1A9F65342CDF01DF00D4CD0F /* BiteView.swift in Sources */ = {isa = PBXBuildFile; fileRef = 1A9F65332CDF01DF00D4CD0F /* BiteView.swift */; };
		1A9F65362CDF08D900D4CD0F /* UpgradesView.swift in Sources */ = {isa = PBXBuildFile; fileRef = 1A9F65352CDF08D900D4CD0F /* UpgradesView.swift */; };
		1A9F65392CE00B0000D4CD0F /* GameViewController.swift in Sources */ = {isa = PBXBuildFile; fileRef = 1A9F65382CE00B0000D4CD0F /* GameViewController.swift */; };
		1A9F653B2CE00BCA00D4CD0F /* GameScene.swift in Sources */ = {isa = PBXBuildFile; fileRef = 1A9F653A2CE00BCA00D4CD0F /* GameScene.swift */; };
		1A9F653D2CE0FE1900D4CD0F /* TargetView.swift in Sources */ = {isa = PBXBuildFile; fileRef = 1A9F653C2CE0FE1900D4CD0F /* TargetView.swift */; };
		1A9F653F2CE104CC00D4CD0F /* GameVC + Action.swift in Sources */ = {isa = PBXBuildFile; fileRef = 1A9F653E2CE104CC00D4CD0F /* GameVC + Action.swift */; };
		1AA232872CE177400040A6C2 /* GameScene + Fish levels.swift in Sources */ = {isa = PBXBuildFile; fileRef = 1AA232862CE177400040A6C2 /* GameScene + Fish levels.swift */; };
		1AA232892CE1888E0040A6C2 /* CoinsManager.swift in Sources */ = {isa = PBXBuildFile; fileRef = 1AA232882CE1888E0040A6C2 /* CoinsManager.swift */; };
		1AA2328B2CE18A410040A6C2 /* ShopManager.swift in Sources */ = {isa = PBXBuildFile; fileRef = 1AA2328A2CE18A410040A6C2 /* ShopManager.swift */; };
		1AA2328D2CE18ABA0040A6C2 /* ShopViewModel.swift in Sources */ = {isa = PBXBuildFile; fileRef = 1AA2328C2CE18ABA0040A6C2 /* ShopViewModel.swift */; };
		1AA2328F2CE18FFB0040A6C2 /* GameViewModel.swift in Sources */ = {isa = PBXBuildFile; fileRef = 1AA2328E2CE18FFB0040A6C2 /* GameViewModel.swift */; };
		1AA232912CE1A9430040A6C2 /* ChangeBitesView.swift in Sources */ = {isa = PBXBuildFile; fileRef = 1AA232902CE1A9430040A6C2 /* ChangeBitesView.swift */; };
/* End PBXBuildFile section */

/* Begin PBXFileReference section */
		1A535FB42CE29B5500F0C8A0 /* PauseView.swift */ = {isa = PBXFileReference; lastKnownFileType = sourcecode.swift; path = PauseView.swift; sourceTree = "<group>"; };
		1A535FB72CE2A5B800F0C8A0 /* AchievementsViewController.swift */ = {isa = PBXFileReference; lastKnownFileType = sourcecode.swift; path = AchievementsViewController.swift; sourceTree = "<group>"; };
		1A535FB92CE2A6E800F0C8A0 /* AchievementsView.swift */ = {isa = PBXFileReference; lastKnownFileType = sourcecode.swift; path = AchievementsView.swift; sourceTree = "<group>"; };
		1A535FBB2CE2A7DC00F0C8A0 /* AchievementsVC + Action.swift */ = {isa = PBXFileReference; lastKnownFileType = sourcecode.swift; path = "AchievementsVC + Action.swift"; sourceTree = "<group>"; };
		1A535FBD2CE2AA9D00F0C8A0 /* AchieveView.swift */ = {isa = PBXFileReference; lastKnownFileType = sourcecode.swift; path = AchieveView.swift; sourceTree = "<group>"; };
		1A535FBF2CE2B23C00F0C8A0 /* AchievementsManager.swift */ = {isa = PBXFileReference; lastKnownFileType = sourcecode.swift; path = AchievementsManager.swift; sourceTree = "<group>"; };
		1A9F64E42CDED8FD00D4CD0F /* FishFrenzy.app */ = {isa = PBXFileReference; explicitFileType = wrapper.application; includeInIndex = 0; path = FishFrenzy.app; sourceTree = BUILT_PRODUCTS_DIR; };
		1A9F64E72CDED8FD00D4CD0F /* AppDelegate.swift */ = {isa = PBXFileReference; lastKnownFileType = sourcecode.swift; path = AppDelegate.swift; sourceTree = "<group>"; };
		1A9F64E92CDED8FD00D4CD0F /* SceneDelegate.swift */ = {isa = PBXFileReference; lastKnownFileType = sourcecode.swift; path = SceneDelegate.swift; sourceTree = "<group>"; };
		1A9F64F02CDED90000D4CD0F /* Assets.xcassets */ = {isa = PBXFileReference; lastKnownFileType = folder.assetcatalog; path = Assets.xcassets; sourceTree = "<group>"; };
		1A9F64F32CDED90000D4CD0F /* Base */ = {isa = PBXFileReference; lastKnownFileType = file.storyboard; name = Base; path = Base.lproj/LaunchScreen.storyboard; sourceTree = "<group>"; };
		1A9F64F52CDED90000D4CD0F /* Info.plist */ = {isa = PBXFileReference; lastKnownFileType = text.plist.xml; path = Info.plist; sourceTree = "<group>"; };
		1A9F65012CDED97D00D4CD0F /* Coordinator.swift */ = {isa = PBXFileReference; lastKnownFileType = sourcecode.swift; path = Coordinator.swift; sourceTree = "<group>"; };
		1A9F65032CDED9B900D4CD0F /* MainCoordinator.swift */ = {isa = PBXFileReference; lastKnownFileType = sourcecode.swift; path = MainCoordinator.swift; sourceTree = "<group>"; };
		1A9F65052CDED9E800D4CD0F /* MainViewController.swift */ = {isa = PBXFileReference; lastKnownFileType = sourcecode.swift; path = MainViewController.swift; sourceTree = "<group>"; };
		1A9F65082CDEDBBC00D4CD0F /* MainView.swift */ = {isa = PBXFileReference; lastKnownFileType = sourcecode.swift; path = MainView.swift; sourceTree = "<group>"; };
		1A9F650A2CDEDBF200D4CD0F /* LoadingView.swift */ = {isa = PBXFileReference; lastKnownFileType = sourcecode.swift; path = LoadingView.swift; sourceTree = "<group>"; };
		1A9F650F2CDEDC1700D4CD0F /* Resources.swift */ = {isa = PBXFileReference; lastKnownFileType = sourcecode.swift; path = Resources.swift; sourceTree = "<group>"; };
		1A9F65122CDEDE6F00D4CD0F /* CherryBombOne-Regular.ttf */ = {isa = PBXFileReference; lastKnownFileType = file; path = "CherryBombOne-Regular.ttf"; sourceTree = "<group>"; };
		1A9F65152CDEE66D00D4CD0F /* CoinsView.swift */ = {isa = PBXFileReference; lastKnownFileType = sourcecode.swift; path = CoinsView.swift; sourceTree = "<group>"; };
		1A9F65172CDEE97C00D4CD0F /* DailyChallengeView.swift */ = {isa = PBXFileReference; lastKnownFileType = sourcecode.swift; path = DailyChallengeView.swift; sourceTree = "<group>"; };
		1A9F65192CDEEDDF00D4CD0F /* MainVC + Action.swift */ = {isa = PBXFileReference; lastKnownFileType = sourcecode.swift; path = "MainVC + Action.swift"; sourceTree = "<group>"; };
		1A9F651C2CDEEEC400D4CD0F /* AlbumViewController.swift */ = {isa = PBXFileReference; lastKnownFileType = sourcecode.swift; path = AlbumViewController.swift; sourceTree = "<group>"; };
		1A9F651E2CDEEF4100D4CD0F /* AlbumView.swift */ = {isa = PBXFileReference; lastKnownFileType = sourcecode.swift; path = AlbumView.swift; sourceTree = "<group>"; };
		1A9F65202CDEF13600D4CD0F /* AlbumVC + Action.swift */ = {isa = PBXFileReference; lastKnownFileType = sourcecode.swift; path = "AlbumVC + Action.swift"; sourceTree = "<group>"; };
		1A9F65222CDEF2DC00D4CD0F /* FishData.swift */ = {isa = PBXFileReference; lastKnownFileType = sourcecode.swift; path = FishData.swift; sourceTree = "<group>"; };
		1A9F65242CDEF2E500D4CD0F /* FishManager.swift */ = {isa = PBXFileReference; lastKnownFileType = sourcecode.swift; path = FishManager.swift; sourceTree = "<group>"; };
		1A9F65262CDEFB5100D4CD0F /* AlbumVC + CollectionView.swift */ = {isa = PBXFileReference; lastKnownFileType = sourcecode.swift; path = "AlbumVC + CollectionView.swift"; sourceTree = "<group>"; };
		1A9F65282CDEFB6D00D4CD0F /* AlbumCell.swift */ = {isa = PBXFileReference; lastKnownFileType = sourcecode.swift; path = AlbumCell.swift; sourceTree = "<group>"; };
		1A9F652A2CDEFC5700D4CD0F /* AlbumViewModel.swift */ = {isa = PBXFileReference; lastKnownFileType = sourcecode.swift; path = AlbumViewModel.swift; sourceTree = "<group>"; };
		1A9F652D2CDEFF6100D4CD0F /* ShopViewController.swift */ = {isa = PBXFileReference; lastKnownFileType = sourcecode.swift; path = ShopViewController.swift; sourceTree = "<group>"; };
		1A9F652F2CDEFFAD00D4CD0F /* ShopView.swift */ = {isa = PBXFileReference; lastKnownFileType = sourcecode.swift; path = ShopView.swift; sourceTree = "<group>"; };
		1A9F65312CDF011B00D4CD0F /* ShopVC + Action.swift */ = {isa = PBXFileReference; lastKnownFileType = sourcecode.swift; path = "ShopVC + Action.swift"; sourceTree = "<group>"; };
		1A9F65332CDF01DF00D4CD0F /* BiteView.swift */ = {isa = PBXFileReference; lastKnownFileType = sourcecode.swift; path = BiteView.swift; sourceTree = "<group>"; };
		1A9F65352CDF08D900D4CD0F /* UpgradesView.swift */ = {isa = PBXFileReference; lastKnownFileType = sourcecode.swift; path = UpgradesView.swift; sourceTree = "<group>"; };
		1A9F65382CE00B0000D4CD0F /* GameViewController.swift */ = {isa = PBXFileReference; lastKnownFileType = sourcecode.swift; path = GameViewController.swift; sourceTree = "<group>"; };
		1A9F653A2CE00BCA00D4CD0F /* GameScene.swift */ = {isa = PBXFileReference; lastKnownFileType = sourcecode.swift; path = GameScene.swift; sourceTree = "<group>"; };
		1A9F653C2CE0FE1900D4CD0F /* TargetView.swift */ = {isa = PBXFileReference; lastKnownFileType = sourcecode.swift; path = TargetView.swift; sourceTree = "<group>"; };
		1A9F653E2CE104CC00D4CD0F /* GameVC + Action.swift */ = {isa = PBXFileReference; lastKnownFileType = sourcecode.swift; path = "GameVC + Action.swift"; sourceTree = "<group>"; };
		1AA232862CE177400040A6C2 /* GameScene + Fish levels.swift */ = {isa = PBXFileReference; lastKnownFileType = sourcecode.swift; path = "GameScene + Fish levels.swift"; sourceTree = "<group>"; };
		1AA232882CE1888E0040A6C2 /* CoinsManager.swift */ = {isa = PBXFileReference; lastKnownFileType = sourcecode.swift; path = CoinsManager.swift; sourceTree = "<group>"; };
		1AA2328A2CE18A410040A6C2 /* ShopManager.swift */ = {isa = PBXFileReference; lastKnownFileType = sourcecode.swift; path = ShopManager.swift; sourceTree = "<group>"; };
		1AA2328C2CE18ABA0040A6C2 /* ShopViewModel.swift */ = {isa = PBXFileReference; lastKnownFileType = sourcecode.swift; path = ShopViewModel.swift; sourceTree = "<group>"; };
		1AA2328E2CE18FFB0040A6C2 /* GameViewModel.swift */ = {isa = PBXFileReference; lastKnownFileType = sourcecode.swift; path = GameViewModel.swift; sourceTree = "<group>"; };
		1AA232902CE1A9430040A6C2 /* ChangeBitesView.swift */ = {isa = PBXFileReference; lastKnownFileType = sourcecode.swift; path = ChangeBitesView.swift; sourceTree = "<group>"; };
/* End PBXFileReference section */

/* Begin PBXFrameworksBuildPhase section */
		1A9F64E12CDED8FD00D4CD0F /* Frameworks */ = {
			isa = PBXFrameworksBuildPhase;
			buildActionMask = 2147483647;
			files = (
				1A9F650E2CDEDC0100D4CD0F /* SnapKit in Frameworks */,
			);
			runOnlyForDeploymentPostprocessing = 0;
		};
/* End PBXFrameworksBuildPhase section */

/* Begin PBXGroup section */
		1A535FB62CE2A59200F0C8A0 /* Achievements */ = {
			isa = PBXGroup;
			children = (
				1A535FB72CE2A5B800F0C8A0 /* AchievementsViewController.swift */,
				1A535FB92CE2A6E800F0C8A0 /* AchievementsView.swift */,
				1A535FBB2CE2A7DC00F0C8A0 /* AchievementsVC + Action.swift */,
				1A535FBD2CE2AA9D00F0C8A0 /* AchieveView.swift */,
			);
			path = Achievements;
			sourceTree = "<group>";
		};
		1A9F64DB2CDED8FD00D4CD0F = {
			isa = PBXGroup;
			children = (
				1A9F64E62CDED8FD00D4CD0F /* FishFrenzy */,
				1A9F64E52CDED8FD00D4CD0F /* Products */,
			);
			sourceTree = "<group>";
		};
		1A9F64E52CDED8FD00D4CD0F /* Products */ = {
			isa = PBXGroup;
			children = (
				1A9F64E42CDED8FD00D4CD0F /* FishFrenzy.app */,
			);
			name = Products;
			sourceTree = "<group>";
		};
		1A9F64E62CDED8FD00D4CD0F /* FishFrenzy */ = {
			isa = PBXGroup;
			children = (
				1A9F65112CDEDE6400D4CD0F /* Font */,
				1A9F64FE2CDED92500D4CD0F /* Coordinator */,
				1A9F64FD2CDED92100D4CD0F /* Model */,
				1A9F64FC2CDED91C00D4CD0F /* View */,
				1A9F64FB2CDED91500D4CD0F /* ViewModel */,
				1A9F64F02CDED90000D4CD0F /* Assets.xcassets */,
				1A9F64F22CDED90000D4CD0F /* LaunchScreen.storyboard */,
				1A9F64F52CDED90000D4CD0F /* Info.plist */,
			);
			path = FishFrenzy;
			sourceTree = "<group>";
		};
		1A9F64FB2CDED91500D4CD0F /* ViewModel */ = {
			isa = PBXGroup;
			children = (
				1A9F652A2CDEFC5700D4CD0F /* AlbumViewModel.swift */,
				1AA2328C2CE18ABA0040A6C2 /* ShopViewModel.swift */,
				1AA2328E2CE18FFB0040A6C2 /* GameViewModel.swift */,
			);
			path = ViewModel;
			sourceTree = "<group>";
		};
		1A9F64FC2CDED91C00D4CD0F /* View */ = {
			isa = PBXGroup;
			children = (
				1A535FB62CE2A59200F0C8A0 /* Achievements */,
				1A9F65372CE00AF400D4CD0F /* Game */,
				1A9F652C2CDEFF5400D4CD0F /* Shop */,
				1A9F651B2CDEEEB700D4CD0F /* Album */,
				1A9F65142CDEE66000D4CD0F /* Subviews */,
				1A9F65072CDEDBB200D4CD0F /* Main */,
			);
			path = View;
			sourceTree = "<group>";
		};
		1A9F64FD2CDED92100D4CD0F /* Model */ = {
			isa = PBXGroup;
			children = (
				1A9F65002CDED94900D4CD0F /* Resources */,
				1A9F64FF2CDED93F00D4CD0F /* Support */,
				1A9F65222CDEF2DC00D4CD0F /* FishData.swift */,
				1A535FBF2CE2B23C00F0C8A0 /* AchievementsManager.swift */,
				1A9F65242CDEF2E500D4CD0F /* FishManager.swift */,
				1AA2328A2CE18A410040A6C2 /* ShopManager.swift */,
				1AA232882CE1888E0040A6C2 /* CoinsManager.swift */,
			);
			path = Model;
			sourceTree = "<group>";
		};
		1A9F64FE2CDED92500D4CD0F /* Coordinator */ = {
			isa = PBXGroup;
			children = (
				1A9F65012CDED97D00D4CD0F /* Coordinator.swift */,
				1A9F65032CDED9B900D4CD0F /* MainCoordinator.swift */,
			);
			path = Coordinator;
			sourceTree = "<group>";
		};
		1A9F64FF2CDED93F00D4CD0F /* Support */ = {
			isa = PBXGroup;
			children = (
				1A9F64E72CDED8FD00D4CD0F /* AppDelegate.swift */,
				1A9F64E92CDED8FD00D4CD0F /* SceneDelegate.swift */,
			);
			path = Support;
			sourceTree = "<group>";
		};
		1A9F65002CDED94900D4CD0F /* Resources */ = {
			isa = PBXGroup;
			children = (
				1A9F650F2CDEDC1700D4CD0F /* Resources.swift */,
			);
			path = Resources;
			sourceTree = "<group>";
		};
		1A9F65072CDEDBB200D4CD0F /* Main */ = {
			isa = PBXGroup;
			children = (
				1A9F65052CDED9E800D4CD0F /* MainViewController.swift */,
				1A9F65082CDEDBBC00D4CD0F /* MainView.swift */,
				1A9F650A2CDEDBF200D4CD0F /* LoadingView.swift */,
				1A9F65192CDEEDDF00D4CD0F /* MainVC + Action.swift */,
			);
			path = Main;
			sourceTree = "<group>";
		};
		1A9F65112CDEDE6400D4CD0F /* Font */ = {
			isa = PBXGroup;
			children = (
				1A9F65122CDEDE6F00D4CD0F /* CherryBombOne-Regular.ttf */,
			);
			path = Font;
			sourceTree = "<group>";
		};
		1A9F65142CDEE66000D4CD0F /* Subviews */ = {
			isa = PBXGroup;
			children = (
				1A9F65152CDEE66D00D4CD0F /* CoinsView.swift */,
				1A9F65172CDEE97C00D4CD0F /* DailyChallengeView.swift */,
			);
			path = Subviews;
			sourceTree = "<group>";
		};
		1A9F651B2CDEEEB700D4CD0F /* Album */ = {
			isa = PBXGroup;
			children = (
				1A9F651C2CDEEEC400D4CD0F /* AlbumViewController.swift */,
				1A9F651E2CDEEF4100D4CD0F /* AlbumView.swift */,
				1A9F65202CDEF13600D4CD0F /* AlbumVC + Action.swift */,
				1A9F65262CDEFB5100D4CD0F /* AlbumVC + CollectionView.swift */,
				1A9F65282CDEFB6D00D4CD0F /* AlbumCell.swift */,
			);
			path = Album;
			sourceTree = "<group>";
		};
		1A9F652C2CDEFF5400D4CD0F /* Shop */ = {
			isa = PBXGroup;
			children = (
				1A9F652D2CDEFF6100D4CD0F /* ShopViewController.swift */,
				1A9F652F2CDEFFAD00D4CD0F /* ShopView.swift */,
				1A9F65312CDF011B00D4CD0F /* ShopVC + Action.swift */,
				1A9F65332CDF01DF00D4CD0F /* BiteView.swift */,
				1A9F65352CDF08D900D4CD0F /* UpgradesView.swift */,
			);
			path = Shop;
			sourceTree = "<group>";
		};
		1A9F65372CE00AF400D4CD0F /* Game */ = {
			isa = PBXGroup;
			children = (
				1A9F65382CE00B0000D4CD0F /* GameViewController.swift */,
				1A9F653A2CE00BCA00D4CD0F /* GameScene.swift */,
				1A9F653C2CE0FE1900D4CD0F /* TargetView.swift */,
				1A9F653E2CE104CC00D4CD0F /* GameVC + Action.swift */,
				1AA232862CE177400040A6C2 /* GameScene + Fish levels.swift */,
				1AA232902CE1A9430040A6C2 /* ChangeBitesView.swift */,
				1A535FB42CE29B5500F0C8A0 /* PauseView.swift */,
			);
			name = Game;
			sourceTree = "<group>";
		};
/* End PBXGroup section */

/* Begin PBXNativeTarget section */
		1A9F64E32CDED8FD00D4CD0F /* FishFrenzy */ = {
			isa = PBXNativeTarget;
			buildConfigurationList = 1A9F64F82CDED90000D4CD0F /* Build configuration list for PBXNativeTarget "FishFrenzy" */;
			buildPhases = (
				1A9F64E02CDED8FD00D4CD0F /* Sources */,
				1A9F64E12CDED8FD00D4CD0F /* Frameworks */,
				1A9F64E22CDED8FD00D4CD0F /* Resources */,
			);
			buildRules = (
			);
			dependencies = (
			);
			name = FishFrenzy;
			packageProductDependencies = (
				1A9F650D2CDEDC0100D4CD0F /* SnapKit */,
			);
			productName = FishFrenzy;
			productReference = 1A9F64E42CDED8FD00D4CD0F /* FishFrenzy.app */;
			productType = "com.apple.product-type.application";
		};
/* End PBXNativeTarget section */

/* Begin PBXProject section */
		1A9F64DC2CDED8FD00D4CD0F /* Project object */ = {
			isa = PBXProject;
			attributes = {
				BuildIndependentTargetsInParallel = 1;
				LastSwiftUpdateCheck = 1540;
				LastUpgradeCheck = 1540;
				TargetAttributes = {
					1A9F64E32CDED8FD00D4CD0F = {
						CreatedOnToolsVersion = 15.4;
					};
				};
			};
			buildConfigurationList = 1A9F64DF2CDED8FD00D4CD0F /* Build configuration list for PBXProject "FishFrenzy" */;
			compatibilityVersion = "Xcode 14.0";
			developmentRegion = en;
			hasScannedForEncodings = 0;
			knownRegions = (
				en,
				Base,
			);
			mainGroup = 1A9F64DB2CDED8FD00D4CD0F;
			packageReferences = (
				1A9F650C2CDEDC0100D4CD0F /* XCRemoteSwiftPackageReference "SnapKit" */,
			);
			productRefGroup = 1A9F64E52CDED8FD00D4CD0F /* Products */;
			projectDirPath = "";
			projectRoot = "";
			targets = (
				1A9F64E32CDED8FD00D4CD0F /* FishFrenzy */,
			);
		};
/* End PBXProject section */

/* Begin PBXResourcesBuildPhase section */
		1A9F64E22CDED8FD00D4CD0F /* Resources */ = {
			isa = PBXResourcesBuildPhase;
			buildActionMask = 2147483647;
			files = (
				1A9F65132CDEDE6F00D4CD0F /* CherryBombOne-Regular.ttf in Resources */,
				1A9F64F12CDED90000D4CD0F /* Assets.xcassets in Resources */,
				1A9F64F42CDED90000D4CD0F /* Base in Resources */,
			);
			runOnlyForDeploymentPostprocessing = 0;
		};
/* End PBXResourcesBuildPhase section */

/* Begin PBXSourcesBuildPhase section */
		1A9F64E02CDED8FD00D4CD0F /* Sources */ = {
			isa = PBXSourcesBuildPhase;
			buildActionMask = 2147483647;
			files = (
				1A535FB82CE2A5B800F0C8A0 /* AchievementsViewController.swift in Sources */,
				1A9F65322CDF011B00D4CD0F /* ShopVC + Action.swift in Sources */,
				1A9F651D2CDEEEC400D4CD0F /* AlbumViewController.swift in Sources */,
				1AA232872CE177400040A6C2 /* GameScene + Fish levels.swift in Sources */,
				1A535FBC2CE2A7DC00F0C8A0 /* AchievementsVC + Action.swift in Sources */,
				1AA2328F2CE18FFB0040A6C2 /* GameViewModel.swift in Sources */,
				1A9F65252CDEF2E500D4CD0F /* FishManager.swift in Sources */,
				1A9F652B2CDEFC5700D4CD0F /* AlbumViewModel.swift in Sources */,
				1A9F65182CDEE97C00D4CD0F /* DailyChallengeView.swift in Sources */,
				1A9F65392CE00B0000D4CD0F /* GameViewController.swift in Sources */,
				1A535FBA2CE2A6E800F0C8A0 /* AchievementsView.swift in Sources */,
				1A535FC02CE2B23C00F0C8A0 /* AchievementsManager.swift in Sources */,
				1A9F65022CDED97D00D4CD0F /* Coordinator.swift in Sources */,
				1A9F65092CDEDBBC00D4CD0F /* MainView.swift in Sources */,
				1A9F653D2CE0FE1900D4CD0F /* TargetView.swift in Sources */,
				1A9F653B2CE00BCA00D4CD0F /* GameScene.swift in Sources */,
				1AA232912CE1A9430040A6C2 /* ChangeBitesView.swift in Sources */,
				1A9F65212CDEF13600D4CD0F /* AlbumVC + Action.swift in Sources */,
				1A9F64E82CDED8FD00D4CD0F /* AppDelegate.swift in Sources */,
				1A9F65062CDED9E800D4CD0F /* MainViewController.swift in Sources */,
				1A9F65302CDEFFAD00D4CD0F /* ShopView.swift in Sources */,
				1A9F65362CDF08D900D4CD0F /* UpgradesView.swift in Sources */,
				1AA2328B2CE18A410040A6C2 /* ShopManager.swift in Sources */,
				1A9F65232CDEF2DC00D4CD0F /* FishData.swift in Sources */,
				1A9F651F2CDEEF4100D4CD0F /* AlbumView.swift in Sources */,
				1A9F65042CDED9B900D4CD0F /* MainCoordinator.swift in Sources */,
				1AA2328D2CE18ABA0040A6C2 /* ShopViewModel.swift in Sources */,
				1A9F652E2CDEFF6100D4CD0F /* ShopViewController.swift in Sources */,
				1AA232892CE1888E0040A6C2 /* CoinsManager.swift in Sources */,
				1A9F65342CDF01DF00D4CD0F /* BiteView.swift in Sources */,
				1A9F653F2CE104CC00D4CD0F /* GameVC + Action.swift in Sources */,
				1A535FB52CE29B5500F0C8A0 /* PauseView.swift in Sources */,
				1A9F65162CDEE66D00D4CD0F /* CoinsView.swift in Sources */,
				1A9F65102CDEDC1700D4CD0F /* Resources.swift in Sources */,
				1A9F65272CDEFB5100D4CD0F /* AlbumVC + CollectionView.swift in Sources */,
				1A535FBE2CE2AA9D00F0C8A0 /* AchieveView.swift in Sources */,
				1A9F651A2CDEEDDF00D4CD0F /* MainVC + Action.swift in Sources */,
				1A9F650B2CDEDBF200D4CD0F /* LoadingView.swift in Sources */,
				1A9F64EA2CDED8FD00D4CD0F /* SceneDelegate.swift in Sources */,
				1A9F65292CDEFB6D00D4CD0F /* AlbumCell.swift in Sources */,
			);
			runOnlyForDeploymentPostprocessing = 0;
		};
/* End PBXSourcesBuildPhase section */

/* Begin PBXVariantGroup section */
		1A9F64F22CDED90000D4CD0F /* LaunchScreen.storyboard */ = {
			isa = PBXVariantGroup;
			children = (
				1A9F64F32CDED90000D4CD0F /* Base */,
			);
			name = LaunchScreen.storyboard;
			sourceTree = "<group>";
		};
/* End PBXVariantGroup section */

/* Begin XCBuildConfiguration section */
		1A9F64F62CDED90000D4CD0F /* Debug */ = {
			isa = XCBuildConfiguration;
			buildSettings = {
				ALWAYS_SEARCH_USER_PATHS = NO;
				ASSETCATALOG_COMPILER_GENERATE_SWIFT_ASSET_SYMBOL_EXTENSIONS = YES;
				CLANG_ANALYZER_NONNULL = YES;
				CLANG_ANALYZER_NUMBER_OBJECT_CONVERSION = YES_AGGRESSIVE;
				CLANG_CXX_LANGUAGE_STANDARD = "gnu++20";
				CLANG_ENABLE_MODULES = YES;
				CLANG_ENABLE_OBJC_ARC = YES;
				CLANG_ENABLE_OBJC_WEAK = YES;
				CLANG_WARN_BLOCK_CAPTURE_AUTORELEASING = YES;
				CLANG_WARN_BOOL_CONVERSION = YES;
				CLANG_WARN_COMMA = YES;
				CLANG_WARN_CONSTANT_CONVERSION = YES;
				CLANG_WARN_DEPRECATED_OBJC_IMPLEMENTATIONS = YES;
				CLANG_WARN_DIRECT_OBJC_ISA_USAGE = YES_ERROR;
				CLANG_WARN_DOCUMENTATION_COMMENTS = YES;
				CLANG_WARN_EMPTY_BODY = YES;
				CLANG_WARN_ENUM_CONVERSION = YES;
				CLANG_WARN_INFINITE_RECURSION = YES;
				CLANG_WARN_INT_CONVERSION = YES;
				CLANG_WARN_NON_LITERAL_NULL_CONVERSION = YES;
				CLANG_WARN_OBJC_IMPLICIT_RETAIN_SELF = YES;
				CLANG_WARN_OBJC_LITERAL_CONVERSION = YES;
				CLANG_WARN_OBJC_ROOT_CLASS = YES_ERROR;
				CLANG_WARN_QUOTED_INCLUDE_IN_FRAMEWORK_HEADER = YES;
				CLANG_WARN_RANGE_LOOP_ANALYSIS = YES;
				CLANG_WARN_STRICT_PROTOTYPES = YES;
				CLANG_WARN_SUSPICIOUS_MOVE = YES;
				CLANG_WARN_UNGUARDED_AVAILABILITY = YES_AGGRESSIVE;
				CLANG_WARN_UNREACHABLE_CODE = YES;
				CLANG_WARN__DUPLICATE_METHOD_MATCH = YES;
				COPY_PHASE_STRIP = NO;
				DEBUG_INFORMATION_FORMAT = dwarf;
				ENABLE_STRICT_OBJC_MSGSEND = YES;
				ENABLE_TESTABILITY = YES;
				ENABLE_USER_SCRIPT_SANDBOXING = YES;
				GCC_C_LANGUAGE_STANDARD = gnu17;
				GCC_DYNAMIC_NO_PIC = NO;
				GCC_NO_COMMON_BLOCKS = YES;
				GCC_OPTIMIZATION_LEVEL = 0;
				GCC_PREPROCESSOR_DEFINITIONS = (
					"DEBUG=1",
					"$(inherited)",
				);
				GCC_WARN_64_TO_32_BIT_CONVERSION = YES;
				GCC_WARN_ABOUT_RETURN_TYPE = YES_ERROR;
				GCC_WARN_UNDECLARED_SELECTOR = YES;
				GCC_WARN_UNINITIALIZED_AUTOS = YES_AGGRESSIVE;
				GCC_WARN_UNUSED_FUNCTION = YES;
				GCC_WARN_UNUSED_VARIABLE = YES;
				IPHONEOS_DEPLOYMENT_TARGET = 15.0;
				LOCALIZATION_PREFERS_STRING_CATALOGS = YES;
				MTL_ENABLE_DEBUG_INFO = INCLUDE_SOURCE;
				MTL_FAST_MATH = YES;
				ONLY_ACTIVE_ARCH = YES;
				SDKROOT = iphoneos;
				SWIFT_ACTIVE_COMPILATION_CONDITIONS = "DEBUG $(inherited)";
				SWIFT_OPTIMIZATION_LEVEL = "-Onone";
			};
			name = Debug;
		};
		1A9F64F72CDED90000D4CD0F /* Release */ = {
			isa = XCBuildConfiguration;
			buildSettings = {
				ALWAYS_SEARCH_USER_PATHS = NO;
				ASSETCATALOG_COMPILER_GENERATE_SWIFT_ASSET_SYMBOL_EXTENSIONS = YES;
				CLANG_ANALYZER_NONNULL = YES;
				CLANG_ANALYZER_NUMBER_OBJECT_CONVERSION = YES_AGGRESSIVE;
				CLANG_CXX_LANGUAGE_STANDARD = "gnu++20";
				CLANG_ENABLE_MODULES = YES;
				CLANG_ENABLE_OBJC_ARC = YES;
				CLANG_ENABLE_OBJC_WEAK = YES;
				CLANG_WARN_BLOCK_CAPTURE_AUTORELEASING = YES;
				CLANG_WARN_BOOL_CONVERSION = YES;
				CLANG_WARN_COMMA = YES;
				CLANG_WARN_CONSTANT_CONVERSION = YES;
				CLANG_WARN_DEPRECATED_OBJC_IMPLEMENTATIONS = YES;
				CLANG_WARN_DIRECT_OBJC_ISA_USAGE = YES_ERROR;
				CLANG_WARN_DOCUMENTATION_COMMENTS = YES;
				CLANG_WARN_EMPTY_BODY = YES;
				CLANG_WARN_ENUM_CONVERSION = YES;
				CLANG_WARN_INFINITE_RECURSION = YES;
				CLANG_WARN_INT_CONVERSION = YES;
				CLANG_WARN_NON_LITERAL_NULL_CONVERSION = YES;
				CLANG_WARN_OBJC_IMPLICIT_RETAIN_SELF = YES;
				CLANG_WARN_OBJC_LITERAL_CONVERSION = YES;
				CLANG_WARN_OBJC_ROOT_CLASS = YES_ERROR;
				CLANG_WARN_QUOTED_INCLUDE_IN_FRAMEWORK_HEADER = YES;
				CLANG_WARN_RANGE_LOOP_ANALYSIS = YES;
				CLANG_WARN_STRICT_PROTOTYPES = YES;
				CLANG_WARN_SUSPICIOUS_MOVE = YES;
				CLANG_WARN_UNGUARDED_AVAILABILITY = YES_AGGRESSIVE;
				CLANG_WARN_UNREACHABLE_CODE = YES;
				CLANG_WARN__DUPLICATE_METHOD_MATCH = YES;
				COPY_PHASE_STRIP = NO;
				DEBUG_INFORMATION_FORMAT = "dwarf-with-dsym";
				ENABLE_NS_ASSERTIONS = NO;
				ENABLE_STRICT_OBJC_MSGSEND = YES;
				ENABLE_USER_SCRIPT_SANDBOXING = YES;
				GCC_C_LANGUAGE_STANDARD = gnu17;
				GCC_NO_COMMON_BLOCKS = YES;
				GCC_WARN_64_TO_32_BIT_CONVERSION = YES;
				GCC_WARN_ABOUT_RETURN_TYPE = YES_ERROR;
				GCC_WARN_UNDECLARED_SELECTOR = YES;
				GCC_WARN_UNINITIALIZED_AUTOS = YES_AGGRESSIVE;
				GCC_WARN_UNUSED_FUNCTION = YES;
				GCC_WARN_UNUSED_VARIABLE = YES;
				IPHONEOS_DEPLOYMENT_TARGET = 15.0;
				LOCALIZATION_PREFERS_STRING_CATALOGS = YES;
				MTL_ENABLE_DEBUG_INFO = NO;
				MTL_FAST_MATH = YES;
				SDKROOT = iphoneos;
				SWIFT_COMPILATION_MODE = wholemodule;
				VALIDATE_PRODUCT = YES;
			};
			name = Release;
		};
		1A9F64F92CDED90000D4CD0F /* Debug */ = {
			isa = XCBuildConfiguration;
			buildSettings = {
				ASSETCATALOG_COMPILER_APPICON_NAME = AppIcon;
				ASSETCATALOG_COMPILER_GLOBAL_ACCENT_COLOR_NAME = AccentColor;
				CODE_SIGN_STYLE = Automatic;
				CURRENT_PROJECT_VERSION = 1;
				GENERATE_INFOPLIST_FILE = YES;
				INFOPLIST_FILE = FishFrenzy/Info.plist;
				INFOPLIST_KEY_UIApplicationSupportsIndirectInputEvents = YES;
				INFOPLIST_KEY_UILaunchStoryboardName = LaunchScreen;
				INFOPLIST_KEY_UISupportedInterfaceOrientations_iPad = "UIInterfaceOrientationPortrait UIInterfaceOrientationPortraitUpsideDown UIInterfaceOrientationLandscapeLeft UIInterfaceOrientationLandscapeRight";
				INFOPLIST_KEY_UISupportedInterfaceOrientations_iPhone = "UIInterfaceOrientationPortrait UIInterfaceOrientationLandscapeLeft UIInterfaceOrientationLandscapeRight";
				LD_RUNPATH_SEARCH_PATHS = (
					"$(inherited)",
					"@executable_path/Frameworks",
				);
				MARKETING_VERSION = 1.0;
				PRODUCT_BUNDLE_IDENTIFIER = com.FishFrenzy;
				PRODUCT_NAME = "$(TARGET_NAME)";
				SWIFT_EMIT_LOC_STRINGS = YES;
				SWIFT_VERSION = 5.0;
				TARGETED_DEVICE_FAMILY = "1,2";
			};
			name = Debug;
		};
		1A9F64FA2CDED90000D4CD0F /* Release */ = {
			isa = XCBuildConfiguration;
			buildSettings = {
				ASSETCATALOG_COMPILER_APPICON_NAME = AppIcon;
				ASSETCATALOG_COMPILER_GLOBAL_ACCENT_COLOR_NAME = AccentColor;
				CODE_SIGN_STYLE = Automatic;
				CURRENT_PROJECT_VERSION = 1;
				GENERATE_INFOPLIST_FILE = YES;
				INFOPLIST_FILE = FishFrenzy/Info.plist;
				INFOPLIST_KEY_UIApplicationSupportsIndirectInputEvents = YES;
				INFOPLIST_KEY_UILaunchStoryboardName = LaunchScreen;
				INFOPLIST_KEY_UISupportedInterfaceOrientations_iPad = "UIInterfaceOrientationPortrait UIInterfaceOrientationPortraitUpsideDown UIInterfaceOrientationLandscapeLeft UIInterfaceOrientationLandscapeRight";
				INFOPLIST_KEY_UISupportedInterfaceOrientations_iPhone = "UIInterfaceOrientationPortrait UIInterfaceOrientationLandscapeLeft UIInterfaceOrientationLandscapeRight";
				LD_RUNPATH_SEARCH_PATHS = (
					"$(inherited)",
					"@executable_path/Frameworks",
				);
				MARKETING_VERSION = 1.0;
				PRODUCT_BUNDLE_IDENTIFIER = com.FishFrenzy;
				PRODUCT_NAME = "$(TARGET_NAME)";
				SWIFT_EMIT_LOC_STRINGS = YES;
				SWIFT_VERSION = 5.0;
				TARGETED_DEVICE_FAMILY = "1,2";
			};
			name = Release;
		};
/* End XCBuildConfiguration section */

/* Begin XCConfigurationList section */
		1A9F64DF2CDED8FD00D4CD0F /* Build configuration list for PBXProject "FishFrenzy" */ = {
			isa = XCConfigurationList;
			buildConfigurations = (
				1A9F64F62CDED90000D4CD0F /* Debug */,
				1A9F64F72CDED90000D4CD0F /* Release */,
			);
			defaultConfigurationIsVisible = 0;
			defaultConfigurationName = Release;
		};
		1A9F64F82CDED90000D4CD0F /* Build configuration list for PBXNativeTarget "FishFrenzy" */ = {
			isa = XCConfigurationList;
			buildConfigurations = (
				1A9F64F92CDED90000D4CD0F /* Debug */,
				1A9F64FA2CDED90000D4CD0F /* Release */,
			);
			defaultConfigurationIsVisible = 0;
			defaultConfigurationName = Release;
		};
/* End XCConfigurationList section */

/* Begin XCRemoteSwiftPackageReference section */
		1A9F650C2CDEDC0100D4CD0F /* XCRemoteSwiftPackageReference "SnapKit" */ = {
			isa = XCRemoteSwiftPackageReference;
			repositoryURL = "https://github.com/SnapKit/SnapKit";
			requirement = {
				kind = upToNextMajorVersion;
				minimumVersion = 5.7.1;
			};
		};
/* End XCRemoteSwiftPackageReference section */

/* Begin XCSwiftPackageProductDependency section */
		1A9F650D2CDEDC0100D4CD0F /* SnapKit */ = {
			isa = XCSwiftPackageProductDependency;
			package = 1A9F650C2CDEDC0100D4CD0F /* XCRemoteSwiftPackageReference "SnapKit" */;
			productName = SnapKit;
		};
/* End XCSwiftPackageProductDependency section */
	};
	rootObject = 1A9F64DC2CDED8FD00D4CD0F /* Project object */;
}
